
Microsoft Visual Studio Solution File, Format Version 12.00
# Visual Studio Version 17
VisualStudioVersion = 17.10.35027.167
MinimumVisualStudioVersion = 10.0.40219.1
Project("{9A19103F-16F7-4668-BE54-9A1E7A4F7556}") = "Algorithm1", "Algorithm1\Algorithm1.csproj", "{C498CC28-2E82-472F-B172-FC186D2ADBB5}"
EndProject
Project("{FAE04EC0-301F-11D3-BF4B-00C04F79EFBC}") = "Exercise", "Exercise\Exercise.csproj", "{D103BA57-04A0-4939-BE34-D0238FC3D62F}"
EndProject
Global
	GlobalSection(SolutionConfigurationPlatforms) = preSolution
		Debug|Any CPU = Debug|Any CPU
		Release|Any CPU = Release|Any CPU
	EndGlobalSection
	GlobalSection(ProjectConfigurationPlatforms) = postSolution
		{C498CC28-2E82-472F-B172-FC186D2ADBB5}.Debug|Any CPU.ActiveCfg = Debug|Any CPU
		{C498CC28-2E82-472F-B172-FC186D2ADBB5}.Debug|Any CPU.Build.0 = Debug|Any CPU
		{C498CC28-2E82-472F-B172-FC186D2ADBB5}.Release|Any CPU.ActiveCfg = Release|Any CPU
		{C498CC28-2E82-472F-B172-FC186D2ADBB5}.Release|Any CPU.Build.0 = Release|Any CPU
		{D103BA57-04A0-4939-BE34-D0238FC3D62F}.Debug|Any CPU.ActiveCfg = Debug|Any CPU
		{D103BA57-04A0-4939-BE34-D0238FC3D62F}.Debug|Any CPU.Build.0 = Debug|Any CPU
		{D103BA57-04A0-4939-BE34-D0238FC3D62F}.Release|Any CPU.ActiveCfg = Release|Any CPU
		{D103BA57-04A0-4939-BE34-D0238FC3D62F}.Release|Any CPU.Build.0 = Release|Any CPU
	EndGlobalSection
	GlobalSection(SolutionProperties) = preSolution
		HideSolutionNode = FALSE
	EndGlobalSection
	GlobalSection(ExtensibilityGlobals) = postSolution
		SolutionGuid = {2A23E80A-A4DC-45AE-9418-5EE2BAF0A5EC}
	EndGlobalSection
EndGlobal
